// !$*UTF8*$!
{
	archiveVersion = 1;
	classes = {
	};
	objectVersion = 52;
	objects = {

/* Begin PBXBuildFile section */
		5E299652260B006F00C577F3 /* AppDelegate.swift in Sources */ = {isa = PBXBuildFile; fileRef = 5E299651260B006F00C577F3 /* AppDelegate.swift */; };
		5E299654260B006F00C577F3 /* SceneDelegate.swift in Sources */ = {isa = PBXBuildFile; fileRef = 5E299653260B006F00C577F3 /* SceneDelegate.swift */; };
		5E299656260B006F00C577F3 /* ViewController.swift in Sources */ = {isa = PBXBuildFile; fileRef = 5E299655260B006F00C577F3 /* ViewController.swift */; };
		5E299659260B006F00C577F3 /* Main.storyboard in Resources */ = {isa = PBXBuildFile; fileRef = 5E299657260B006F00C577F3 /* Main.storyboard */; };
		5E29965B260B007100C577F3 /* Assets.xcassets in Resources */ = {isa = PBXBuildFile; fileRef = 5E29965A260B007100C577F3 /* Assets.xcassets */; };
		5E29965E260B007100C577F3 /* LaunchScreen.storyboard in Resources */ = {isa = PBXBuildFile; fileRef = 5E29965C260B007100C577F3 /* LaunchScreen.storyboard */; };
		5E299669260B007200C577F3 /* GitJobTests.swift in Sources */ = {isa = PBXBuildFile; fileRef = 5E299668260B007200C577F3 /* GitJobTests.swift */; };
		5E299674260B007200C577F3 /* GitJobUITests.swift in Sources */ = {isa = PBXBuildFile; fileRef = 5E299673260B007200C577F3 /* GitJobUITests.swift */; };
		5E602158260C4CF0006FD611 /* Alamofire in Frameworks */ = {isa = PBXBuildFile; productRef = 5E602157260C4CF0006FD611 /* Alamofire */; };
		5EC5137326183E990083B009 /* JobTableViewCell.swift in Sources */ = {isa = PBXBuildFile; fileRef = 5EC5137226183E990083B009 /* JobTableViewCell.swift */; };
		5EE098A6260C57EF00528235 /* Job.swift in Sources */ = {isa = PBXBuildFile; fileRef = 5EE098A5260C57EF00528235 /* Job.swift */; };
		5EE098B1260C58ED00528235 /* Jobs.swift in Sources */ = {isa = PBXBuildFile; fileRef = 5EE098B0260C58ED00528235 /* Jobs.swift */; };
		86245168222042CA4961BB43 /* Pods_GitJob.framework in Frameworks */ = {isa = PBXBuildFile; fileRef = 14570AF1B19618D14244A3DD /* Pods_GitJob.framework */; };
		E0560AAA120025D6F68CCB5E /* Pods_GitJobTests.framework in Frameworks */ = {isa = PBXBuildFile; fileRef = 2E67A5D67A7F3DC97F5A120B /* Pods_GitJobTests.framework */; };
		E8C2BFAC2AA4428D2E9A0F36 /* Pods_GitJob_GitJobUITests.framework in Frameworks */ = {isa = PBXBuildFile; fileRef = EE65147FA39C1E34AC551B32 /* Pods_GitJob_GitJobUITests.framework */; };
/* End PBXBuildFile section */

/* Begin PBXContainerItemProxy section */
		5E299665260B007200C577F3 /* PBXContainerItemProxy */ = {
			isa = PBXContainerItemProxy;
			containerPortal = 5E299646260B006F00C577F3 /* Project object */;
			proxyType = 1;
			remoteGlobalIDString = 5E29964D260B006F00C577F3;
			remoteInfo = GitJob;
		};
		5E299670260B007200C577F3 /* PBXContainerItemProxy */ = {
			isa = PBXContainerItemProxy;
			containerPortal = 5E299646260B006F00C577F3 /* Project object */;
			proxyType = 1;
			remoteGlobalIDString = 5E29964D260B006F00C577F3;
			remoteInfo = GitJob;
		};
/* End PBXContainerItemProxy section */

/* Begin PBXFileReference section */
		05BB7B1BC63D40688BD631C5 /* Pods-GitJob.release.xcconfig */ = {isa = PBXFileReference; includeInIndex = 1; lastKnownFileType = text.xcconfig; name = "Pods-GitJob.release.xcconfig"; path = "Target Support Files/Pods-GitJob/Pods-GitJob.release.xcconfig"; sourceTree = "<group>"; };
		1130793CC7467487BFAD11A2 /* Pods-GitJobTests.release.xcconfig */ = {isa = PBXFileReference; includeInIndex = 1; lastKnownFileType = text.xcconfig; name = "Pods-GitJobTests.release.xcconfig"; path = "Target Support Files/Pods-GitJobTests/Pods-GitJobTests.release.xcconfig"; sourceTree = "<group>"; };
		13070F959C1EFF9B154BDE23 /* Pods-GitJob-GitJobUITests.release.xcconfig */ = {isa = PBXFileReference; includeInIndex = 1; lastKnownFileType = text.xcconfig; name = "Pods-GitJob-GitJobUITests.release.xcconfig"; path = "Target Support Files/Pods-GitJob-GitJobUITests/Pods-GitJob-GitJobUITests.release.xcconfig"; sourceTree = "<group>"; };
		14570AF1B19618D14244A3DD /* Pods_GitJob.framework */ = {isa = PBXFileReference; explicitFileType = wrapper.framework; includeInIndex = 0; path = Pods_GitJob.framework; sourceTree = BUILT_PRODUCTS_DIR; };
		2E67A5D67A7F3DC97F5A120B /* Pods_GitJobTests.framework */ = {isa = PBXFileReference; explicitFileType = wrapper.framework; includeInIndex = 0; path = Pods_GitJobTests.framework; sourceTree = BUILT_PRODUCTS_DIR; };
		5615E75C90C2C74769BF8585 /* Pods-GitJob-GitJobUITests.debug.xcconfig */ = {isa = PBXFileReference; includeInIndex = 1; lastKnownFileType = text.xcconfig; name = "Pods-GitJob-GitJobUITests.debug.xcconfig"; path = "Target Support Files/Pods-GitJob-GitJobUITests/Pods-GitJob-GitJobUITests.debug.xcconfig"; sourceTree = "<group>"; };
		5E29964E260B006F00C577F3 /* GitJob.app */ = {isa = PBXFileReference; explicitFileType = wrapper.application; includeInIndex = 0; path = GitJob.app; sourceTree = BUILT_PRODUCTS_DIR; };
		5E299651260B006F00C577F3 /* AppDelegate.swift */ = {isa = PBXFileReference; lastKnownFileType = sourcecode.swift; path = AppDelegate.swift; sourceTree = "<group>"; };
		5E299653260B006F00C577F3 /* SceneDelegate.swift */ = {isa = PBXFileReference; lastKnownFileType = sourcecode.swift; path = SceneDelegate.swift; sourceTree = "<group>"; };
		5E299655260B006F00C577F3 /* ViewController.swift */ = {isa = PBXFileReference; lastKnownFileType = sourcecode.swift; path = ViewController.swift; sourceTree = "<group>"; };
		5E299658260B006F00C577F3 /* Base */ = {isa = PBXFileReference; lastKnownFileType = file.storyboard; name = Base; path = Base.lproj/Main.storyboard; sourceTree = "<group>"; };
		5E29965A260B007100C577F3 /* Assets.xcassets */ = {isa = PBXFileReference; lastKnownFileType = folder.assetcatalog; path = Assets.xcassets; sourceTree = "<group>"; };
		5E29965D260B007100C577F3 /* Base */ = {isa = PBXFileReference; lastKnownFileType = file.storyboard; name = Base; path = Base.lproj/LaunchScreen.storyboard; sourceTree = "<group>"; };
		5E29965F260B007100C577F3 /* Info.plist */ = {isa = PBXFileReference; lastKnownFileType = text.plist.xml; path = Info.plist; sourceTree = "<group>"; };
		5E299664260B007200C577F3 /* GitJobTests.xctest */ = {isa = PBXFileReference; explicitFileType = wrapper.cfbundle; includeInIndex = 0; path = GitJobTests.xctest; sourceTree = BUILT_PRODUCTS_DIR; };
		5E299668260B007200C577F3 /* GitJobTests.swift */ = {isa = PBXFileReference; lastKnownFileType = sourcecode.swift; path = GitJobTests.swift; sourceTree = "<group>"; };
		5E29966A260B007200C577F3 /* Info.plist */ = {isa = PBXFileReference; lastKnownFileType = text.plist.xml; path = Info.plist; sourceTree = "<group>"; };
		5E29966F260B007200C577F3 /* GitJobUITests.xctest */ = {isa = PBXFileReference; explicitFileType = wrapper.cfbundle; includeInIndex = 0; path = GitJobUITests.xctest; sourceTree = BUILT_PRODUCTS_DIR; };
		5E299673260B007200C577F3 /* GitJobUITests.swift */ = {isa = PBXFileReference; lastKnownFileType = sourcecode.swift; path = GitJobUITests.swift; sourceTree = "<group>"; };
		5E299675260B007200C577F3 /* Info.plist */ = {isa = PBXFileReference; lastKnownFileType = text.plist.xml; path = Info.plist; sourceTree = "<group>"; };
		5EC5137226183E990083B009 /* JobTableViewCell.swift */ = {isa = PBXFileReference; lastKnownFileType = sourcecode.swift; path = JobTableViewCell.swift; sourceTree = "<group>"; };
		5EE098A5260C57EF00528235 /* Job.swift */ = {isa = PBXFileReference; lastKnownFileType = sourcecode.swift; path = Job.swift; sourceTree = "<group>"; };
		5EE098B0260C58ED00528235 /* Jobs.swift */ = {isa = PBXFileReference; lastKnownFileType = sourcecode.swift; path = Jobs.swift; sourceTree = "<group>"; };
		915118B19DBDA0967F8DE6C4 /* Pods-GitJobTests.debug.xcconfig */ = {isa = PBXFileReference; includeInIndex = 1; lastKnownFileType = text.xcconfig; name = "Pods-GitJobTests.debug.xcconfig"; path = "Target Support Files/Pods-GitJobTests/Pods-GitJobTests.debug.xcconfig"; sourceTree = "<group>"; };
		99977BD0958901A061518A39 /* Pods-GitJob.debug.xcconfig */ = {isa = PBXFileReference; includeInIndex = 1; lastKnownFileType = text.xcconfig; name = "Pods-GitJob.debug.xcconfig"; path = "Target Support Files/Pods-GitJob/Pods-GitJob.debug.xcconfig"; sourceTree = "<group>"; };
		EE65147FA39C1E34AC551B32 /* Pods_GitJob_GitJobUITests.framework */ = {isa = PBXFileReference; explicitFileType = wrapper.framework; includeInIndex = 0; path = Pods_GitJob_GitJobUITests.framework; sourceTree = BUILT_PRODUCTS_DIR; };
/* End PBXFileReference section */

/* Begin PBXFrameworksBuildPhase section */
		5E29964B260B006F00C577F3 /* Frameworks */ = {
			isa = PBXFrameworksBuildPhase;
			buildActionMask = 2147483647;
			files = (
				5E602158260C4CF0006FD611 /* Alamofire in Frameworks */,
				86245168222042CA4961BB43 /* Pods_GitJob.framework in Frameworks */,
			);
			runOnlyForDeploymentPostprocessing = 0;
		};
		5E299661260B007200C577F3 /* Frameworks */ = {
			isa = PBXFrameworksBuildPhase;
			buildActionMask = 2147483647;
			files = (
				E0560AAA120025D6F68CCB5E /* Pods_GitJobTests.framework in Frameworks */,
			);
			runOnlyForDeploymentPostprocessing = 0;
		};
		5E29966C260B007200C577F3 /* Frameworks */ = {
			isa = PBXFrameworksBuildPhase;
			buildActionMask = 2147483647;
			files = (
				E8C2BFAC2AA4428D2E9A0F36 /* Pods_GitJob_GitJobUITests.framework in Frameworks */,
			);
			runOnlyForDeploymentPostprocessing = 0;
		};
/* End PBXFrameworksBuildPhase section */

/* Begin PBXGroup section */
		153B15B3AFD9BD5599ABE5C9 /* Pods */ = {
			isa = PBXGroup;
			children = (
				99977BD0958901A061518A39 /* Pods-GitJob.debug.xcconfig */,
				05BB7B1BC63D40688BD631C5 /* Pods-GitJob.release.xcconfig */,
				5615E75C90C2C74769BF8585 /* Pods-GitJob-GitJobUITests.debug.xcconfig */,
				13070F959C1EFF9B154BDE23 /* Pods-GitJob-GitJobUITests.release.xcconfig */,
				915118B19DBDA0967F8DE6C4 /* Pods-GitJobTests.debug.xcconfig */,
				1130793CC7467487BFAD11A2 /* Pods-GitJobTests.release.xcconfig */,
			);
			path = Pods;
			sourceTree = "<group>";
		};
		5E299645260B006F00C577F3 = {
			isa = PBXGroup;
			children = (
				5E299650260B006F00C577F3 /* GitJob */,
				5E299667260B007200C577F3 /* GitJobTests */,
				5E299672260B007200C577F3 /* GitJobUITests */,
				5E29964F260B006F00C577F3 /* Products */,
				153B15B3AFD9BD5599ABE5C9 /* Pods */,
				E44A47561ADDB7F75BE12A0A /* Frameworks */,
			);
			sourceTree = "<group>";
		};
		5E29964F260B006F00C577F3 /* Products */ = {
			isa = PBXGroup;
			children = (
				5E29964E260B006F00C577F3 /* GitJob.app */,
				5E299664260B007200C577F3 /* GitJobTests.xctest */,
				5E29966F260B007200C577F3 /* GitJobUITests.xctest */,
			);
			name = Products;
			sourceTree = "<group>";
		};
		5E299650260B006F00C577F3 /* GitJob */ = {
			isa = PBXGroup;
			children = (
				5EE098A3260C579100528235 /* Network */,
				5E299651260B006F00C577F3 /* AppDelegate.swift */,
				5E299653260B006F00C577F3 /* SceneDelegate.swift */,
				5E299655260B006F00C577F3 /* ViewController.swift */,
				5E299657260B006F00C577F3 /* Main.storyboard */,
				5E29965A260B007100C577F3 /* Assets.xcassets */,
				5E29965C260B007100C577F3 /* LaunchScreen.storyboard */,
				5E29965F260B007100C577F3 /* Info.plist */,
				5EC5137226183E990083B009 /* JobTableViewCell.swift */,
			);
			path = GitJob;
			sourceTree = "<group>";
		};
		5E299667260B007200C577F3 /* GitJobTests */ = {
			isa = PBXGroup;
			children = (
				5E299668260B007200C577F3 /* GitJobTests.swift */,
				5E29966A260B007200C577F3 /* Info.plist */,
			);
			path = GitJobTests;
			sourceTree = "<group>";
		};
		5E299672260B007200C577F3 /* GitJobUITests */ = {
			isa = PBXGroup;
			children = (
				5E299673260B007200C577F3 /* GitJobUITests.swift */,
				5E299675260B007200C577F3 /* Info.plist */,
			);
			path = GitJobUITests;
			sourceTree = "<group>";
		};
		5EE098A3260C579100528235 /* Network */ = {
			isa = PBXGroup;
			children = (
				5EE098A4260C57B100528235 /* Model */,
			);
			path = Network;
			sourceTree = "<group>";
		};
		5EE098A4260C57B100528235 /* Model */ = {
			isa = PBXGroup;
			children = (
				5EE098A5260C57EF00528235 /* Job.swift */,
				5EE098B0260C58ED00528235 /* Jobs.swift */,
			);
			path = Model;
			sourceTree = "<group>";
		};
		E44A47561ADDB7F75BE12A0A /* Frameworks */ = {
			isa = PBXGroup;
			children = (
				14570AF1B19618D14244A3DD /* Pods_GitJob.framework */,
				EE65147FA39C1E34AC551B32 /* Pods_GitJob_GitJobUITests.framework */,
				2E67A5D67A7F3DC97F5A120B /* Pods_GitJobTests.framework */,
			);
			name = Frameworks;
			sourceTree = "<group>";
		};
/* End PBXGroup section */

/* Begin PBXNativeTarget section */
		5E29964D260B006F00C577F3 /* GitJob */ = {
			isa = PBXNativeTarget;
			buildConfigurationList = 5E299678260B007200C577F3 /* Build configuration list for PBXNativeTarget "GitJob" */;
			buildPhases = (
				00DE798B91B90FCE99FB5603 /* [CP] Check Pods Manifest.lock */,
				5E29964A260B006F00C577F3 /* Sources */,
				5E29964B260B006F00C577F3 /* Frameworks */,
				5E29964C260B006F00C577F3 /* Resources */,
			);
			buildRules = (
			);
			dependencies = (
			);
			name = GitJob;
			packageProductDependencies = (
				5E602157260C4CF0006FD611 /* Alamofire */,
			);
			productName = GitJob;
			productReference = 5E29964E260B006F00C577F3 /* GitJob.app */;
			productType = "com.apple.product-type.application";
		};
		5E299663260B007200C577F3 /* GitJobTests */ = {
			isa = PBXNativeTarget;
			buildConfigurationList = 5E29967B260B007200C577F3 /* Build configuration list for PBXNativeTarget "GitJobTests" */;
			buildPhases = (
				AB15E5FC80994B0F162F5270 /* [CP] Check Pods Manifest.lock */,
				5E299660260B007200C577F3 /* Sources */,
				5E299661260B007200C577F3 /* Frameworks */,
				5E299662260B007200C577F3 /* Resources */,
			);
			buildRules = (
			);
			dependencies = (
				5E299666260B007200C577F3 /* PBXTargetDependency */,
			);
			name = GitJobTests;
			productName = GitJobTests;
			productReference = 5E299664260B007200C577F3 /* GitJobTests.xctest */;
			productType = "com.apple.product-type.bundle.unit-test";
		};
		5E29966E260B007200C577F3 /* GitJobUITests */ = {
			isa = PBXNativeTarget;
			buildConfigurationList = 5E29967E260B007200C577F3 /* Build configuration list for PBXNativeTarget "GitJobUITests" */;
			buildPhases = (
				B3ED655622B29E3506BD1589 /* [CP] Check Pods Manifest.lock */,
				5E29966B260B007200C577F3 /* Sources */,
				5E29966C260B007200C577F3 /* Frameworks */,
				5E29966D260B007200C577F3 /* Resources */,
			);
			buildRules = (
			);
			dependencies = (
				5E299671260B007200C577F3 /* PBXTargetDependency */,
			);
			name = GitJobUITests;
			productName = GitJobUITests;
			productReference = 5E29966F260B007200C577F3 /* GitJobUITests.xctest */;
			productType = "com.apple.product-type.bundle.ui-testing";
		};
/* End PBXNativeTarget section */

/* Begin PBXProject section */
		5E299646260B006F00C577F3 /* Project object */ = {
			isa = PBXProject;
			attributes = {
				LastSwiftUpdateCheck = 1240;
				LastUpgradeCheck = 1240;
				TargetAttributes = {
					5E29964D260B006F00C577F3 = {
						CreatedOnToolsVersion = 12.4;
					};
					5E299663260B007200C577F3 = {
						CreatedOnToolsVersion = 12.4;
						TestTargetID = 5E29964D260B006F00C577F3;
					};
					5E29966E260B007200C577F3 = {
						CreatedOnToolsVersion = 12.4;
						TestTargetID = 5E29964D260B006F00C577F3;
					};
				};
			};
			buildConfigurationList = 5E299649260B006F00C577F3 /* Build configuration list for PBXProject "GitJob" */;
			compatibilityVersion = "Xcode 9.3";
			developmentRegion = en;
			hasScannedForEncodings = 0;
			knownRegions = (
				en,
				Base,
			);
			mainGroup = 5E299645260B006F00C577F3;
			packageReferences = (
				5E602156260C4CF0006FD611 /* XCRemoteSwiftPackageReference "Alamofire" */,
			);
			productRefGroup = 5E29964F260B006F00C577F3 /* Products */;
			projectDirPath = "";
			projectRoot = "";
			targets = (
				5E29964D260B006F00C577F3 /* GitJob */,
				5E299663260B007200C577F3 /* GitJobTests */,
				5E29966E260B007200C577F3 /* GitJobUITests */,
			);
		};
/* End PBXProject section */

/* Begin PBXResourcesBuildPhase section */
		5E29964C260B006F00C577F3 /* Resources */ = {
			isa = PBXResourcesBuildPhase;
			buildActionMask = 2147483647;
			files = (
				5E29965E260B007100C577F3 /* LaunchScreen.storyboard in Resources */,
				5E29965B260B007100C577F3 /* Assets.xcassets in Resources */,
				5E299659260B006F00C577F3 /* Main.storyboard in Resources */,
			);
			runOnlyForDeploymentPostprocessing = 0;
		};
		5E299662260B007200C577F3 /* Resources */ = {
			isa = PBXResourcesBuildPhase;
			buildActionMask = 2147483647;
			files = (
			);
			runOnlyForDeploymentPostprocessing = 0;
		};
		5E29966D260B007200C577F3 /* Resources */ = {
			isa = PBXResourcesBuildPhase;
			buildActionMask = 2147483647;
			files = (
			);
			runOnlyForDeploymentPostprocessing = 0;
		};
/* End PBXResourcesBuildPhase section */

/* Begin PBXShellScriptBuildPhase section */
		00DE798B91B90FCE99FB5603 /* [CP] Check Pods Manifest.lock */ = {
			isa = PBXShellScriptBuildPhase;
			buildActionMask = 2147483647;
			files = (
			);
			inputFileListPaths = (
			);
			inputPaths = (
				"${PODS_PODFILE_DIR_PATH}/Podfile.lock",
				"${PODS_ROOT}/Manifest.lock",
			);
			name = "[CP] Check Pods Manifest.lock";
			outputFileListPaths = (
			);
			outputPaths = (
				"$(DERIVED_FILE_DIR)/Pods-GitJob-checkManifestLockResult.txt",
			);
			runOnlyForDeploymentPostprocessing = 0;
			shellPath = /bin/sh;
			shellScript = "diff \"${PODS_PODFILE_DIR_PATH}/Podfile.lock\" \"${PODS_ROOT}/Manifest.lock\" > /dev/null\nif [ $? != 0 ] ; then\n    # print error to STDERR\n    echo \"error: The sandbox is not in sync with the Podfile.lock. Run 'pod install' or update your CocoaPods installation.\" >&2\n    exit 1\nfi\n# This output is used by Xcode 'outputs' to avoid re-running this script phase.\necho \"SUCCESS\" > \"${SCRIPT_OUTPUT_FILE_0}\"\n";
			showEnvVarsInLog = 0;
		};
		AB15E5FC80994B0F162F5270 /* [CP] Check Pods Manifest.lock */ = {
			isa = PBXShellScriptBuildPhase;
			buildActionMask = 2147483647;
			files = (
			);
			inputFileListPaths = (
			);
			inputPaths = (
				"${PODS_PODFILE_DIR_PATH}/Podfile.lock",
				"${PODS_ROOT}/Manifest.lock",
			);
			name = "[CP] Check Pods Manifest.lock";
			outputFileListPaths = (
			);
			outputPaths = (
				"$(DERIVED_FILE_DIR)/Pods-GitJobTests-checkManifestLockResult.txt",
			);
			runOnlyForDeploymentPostprocessing = 0;
			shellPath = /bin/sh;
			shellScript = "diff \"${PODS_PODFILE_DIR_PATH}/Podfile.lock\" \"${PODS_ROOT}/Manifest.lock\" > /dev/null\nif [ $? != 0 ] ; then\n    # print error to STDERR\n    echo \"error: The sandbox is not in sync with the Podfile.lock. Run 'pod install' or update your CocoaPods installation.\" >&2\n    exit 1\nfi\n# This output is used by Xcode 'outputs' to avoid re-running this script phase.\necho \"SUCCESS\" > \"${SCRIPT_OUTPUT_FILE_0}\"\n";
			showEnvVarsInLog = 0;
		};
		B3ED655622B29E3506BD1589 /* [CP] Check Pods Manifest.lock */ = {
			isa = PBXShellScriptBuildPhase;
			buildActionMask = 2147483647;
			files = (
			);
			inputFileListPaths = (
			);
			inputPaths = (
				"${PODS_PODFILE_DIR_PATH}/Podfile.lock",
				"${PODS_ROOT}/Manifest.lock",
			);
			name = "[CP] Check Pods Manifest.lock";
			outputFileListPaths = (
			);
			outputPaths = (
				"$(DERIVED_FILE_DIR)/Pods-GitJob-GitJobUITests-checkManifestLockResult.txt",
			);
			runOnlyForDeploymentPostprocessing = 0;
			shellPath = /bin/sh;
			shellScript = "diff \"${PODS_PODFILE_DIR_PATH}/Podfile.lock\" \"${PODS_ROOT}/Manifest.lock\" > /dev/null\nif [ $? != 0 ] ; then\n    # print error to STDERR\n    echo \"error: The sandbox is not in sync with the Podfile.lock. Run 'pod install' or update your CocoaPods installation.\" >&2\n    exit 1\nfi\n# This output is used by Xcode 'outputs' to avoid re-running this script phase.\necho \"SUCCESS\" > \"${SCRIPT_OUTPUT_FILE_0}\"\n";
			showEnvVarsInLog = 0;
		};
/* End PBXShellScriptBuildPhase section */

/* Begin PBXSourcesBuildPhase section */
		5E29964A260B006F00C577F3 /* Sources */ = {
			isa = PBXSourcesBuildPhase;
			buildActionMask = 2147483647;
			files = (
				5E299656260B006F00C577F3 /* ViewController.swift in Sources */,
				5E299652260B006F00C577F3 /* AppDelegate.swift in Sources */,
				5EE098B1260C58ED00528235 /* Jobs.swift in Sources */,
				5EC5137326183E990083B009 /* JobTableViewCell.swift in Sources */,
				5E299654260B006F00C577F3 /* SceneDelegate.swift in Sources */,
				5EE098A6260C57EF00528235 /* Job.swift in Sources */,
			);
			runOnlyForDeploymentPostprocessing = 0;
		};
		5E299660260B007200C577F3 /* Sources */ = {
			isa = PBXSourcesBuildPhase;
			buildActionMask = 2147483647;
			files = (
				5E299669260B007200C577F3 /* GitJobTests.swift in Sources */,
			);
			runOnlyForDeploymentPostprocessing = 0;
		};
		5E29966B260B007200C577F3 /* Sources */ = {
			isa = PBXSourcesBuildPhase;
			buildActionMask = 2147483647;
			files = (
				5E299674260B007200C577F3 /* GitJobUITests.swift in Sources */,
			);
			runOnlyForDeploymentPostprocessing = 0;
		};
/* End PBXSourcesBuildPhase section */

/* Begin PBXTargetDependency section */
		5E299666260B007200C577F3 /* PBXTargetDependency */ = {
			isa = PBXTargetDependency;
			target = 5E29964D260B006F00C577F3 /* GitJob */;
			targetProxy = 5E299665260B007200C577F3 /* PBXContainerItemProxy */;
		};
		5E299671260B007200C577F3 /* PBXTargetDependency */ = {
			isa = PBXTargetDependency;
			target = 5E29964D260B006F00C577F3 /* GitJob */;
			targetProxy = 5E299670260B007200C577F3 /* PBXContainerItemProxy */;
		};
/* End PBXTargetDependency section */

/* Begin PBXVariantGroup section */
		5E299657260B006F00C577F3 /* Main.storyboard */ = {
			isa = PBXVariantGroup;
			children = (
				5E299658260B006F00C577F3 /* Base */,
			);
			name = Main.storyboard;
			sourceTree = "<group>";
		};
		5E29965C260B007100C577F3 /* LaunchScreen.storyboard */ = {
			isa = PBXVariantGroup;
			children = (
				5E29965D260B007100C577F3 /* Base */,
			);
			name = LaunchScreen.storyboard;
			sourceTree = "<group>";
		};
/* End PBXVariantGroup section */

/* Begin XCBuildConfiguration section */
		5E299676260B007200C577F3 /* Debug */ = {
			isa = XCBuildConfiguration;
			buildSettings = {
				ALWAYS_SEARCH_USER_PATHS = NO;
				CLANG_ANALYZER_NONNULL = YES;
				CLANG_ANALYZER_NUMBER_OBJECT_CONVERSION = YES_AGGRESSIVE;
				CLANG_CXX_LANGUAGE_STANDARD = "gnu++14";
				CLANG_CXX_LIBRARY = "libc++";
				CLANG_ENABLE_MODULES = YES;
				CLANG_ENABLE_OBJC_ARC = YES;
				CLANG_ENABLE_OBJC_WEAK = YES;
				CLANG_WARN_BLOCK_CAPTURE_AUTORELEASING = YES;
				CLANG_WARN_BOOL_CONVERSION = YES;
				CLANG_WARN_COMMA = YES;
				CLANG_WARN_CONSTANT_CONVERSION = YES;
				CLANG_WARN_DEPRECATED_OBJC_IMPLEMENTATIONS = YES;
				CLANG_WARN_DIRECT_OBJC_ISA_USAGE = YES_ERROR;
				CLANG_WARN_DOCUMENTATION_COMMENTS = YES;
				CLANG_WARN_EMPTY_BODY = YES;
				CLANG_WARN_ENUM_CONVERSION = YES;
				CLANG_WARN_INFINITE_RECURSION = YES;
				CLANG_WARN_INT_CONVERSION = YES;
				CLANG_WARN_NON_LITERAL_NULL_CONVERSION = YES;
				CLANG_WARN_OBJC_IMPLICIT_RETAIN_SELF = YES;
				CLANG_WARN_OBJC_LITERAL_CONVERSION = YES;
				CLANG_WARN_OBJC_ROOT_CLASS = YES_ERROR;
				CLANG_WARN_QUOTED_INCLUDE_IN_FRAMEWORK_HEADER = YES;
				CLANG_WARN_RANGE_LOOP_ANALYSIS = YES;
				CLANG_WARN_STRICT_PROTOTYPES = YES;
				CLANG_WARN_SUSPICIOUS_MOVE = YES;
				CLANG_WARN_UNGUARDED_AVAILABILITY = YES_AGGRESSIVE;
				CLANG_WARN_UNREACHABLE_CODE = YES;
				CLANG_WARN__DUPLICATE_METHOD_MATCH = YES;
				COPY_PHASE_STRIP = NO;
				DEBUG_INFORMATION_FORMAT = dwarf;
				ENABLE_STRICT_OBJC_MSGSEND = YES;
				ENABLE_TESTABILITY = YES;
				GCC_C_LANGUAGE_STANDARD = gnu11;
				GCC_DYNAMIC_NO_PIC = NO;
				GCC_NO_COMMON_BLOCKS = YES;
				GCC_OPTIMIZATION_LEVEL = 0;
				GCC_PREPROCESSOR_DEFINITIONS = (
					"DEBUG=1",
					"$(inherited)",
				);
				GCC_WARN_64_TO_32_BIT_CONVERSION = YES;
				GCC_WARN_ABOUT_RETURN_TYPE = YES_ERROR;
				GCC_WARN_UNDECLARED_SELECTOR = YES;
				GCC_WARN_UNINITIALIZED_AUTOS = YES_AGGRESSIVE;
				GCC_WARN_UNUSED_FUNCTION = YES;
				GCC_WARN_UNUSED_VARIABLE = YES;
				IPHONEOS_DEPLOYMENT_TARGET = 14.4;
				MTL_ENABLE_DEBUG_INFO = INCLUDE_SOURCE;
				MTL_FAST_MATH = YES;
				ONLY_ACTIVE_ARCH = YES;
				SDKROOT = iphoneos;
				SWIFT_ACTIVE_COMPILATION_CONDITIONS = DEBUG;
				SWIFT_OPTIMIZATION_LEVEL = "-Onone";
			};
			name = Debug;
		};
		5E299677260B007200C577F3 /* Release */ = {
			isa = XCBuildConfiguration;
			buildSettings = {
				ALWAYS_SEARCH_USER_PATHS = NO;
				CLANG_ANALYZER_NONNULL = YES;
				CLANG_ANALYZER_NUMBER_OBJECT_CONVERSION = YES_AGGRESSIVE;
				CLANG_CXX_LANGUAGE_STANDARD = "gnu++14";
				CLANG_CXX_LIBRARY = "libc++";
				CLANG_ENABLE_MODULES = YES;
				CLANG_ENABLE_OBJC_ARC = YES;
				CLANG_ENABLE_OBJC_WEAK = YES;
				CLANG_WARN_BLOCK_CAPTURE_AUTORELEASING = YES;
				CLANG_WARN_BOOL_CONVERSION = YES;
				CLANG_WARN_COMMA = YES;
				CLANG_WARN_CONSTANT_CONVERSION = YES;
				CLANG_WARN_DEPRECATED_OBJC_IMPLEMENTATIONS = YES;
				CLANG_WARN_DIRECT_OBJC_ISA_USAGE = YES_ERROR;
				CLANG_WARN_DOCUMENTATION_COMMENTS = YES;
				CLANG_WARN_EMPTY_BODY = YES;
				CLANG_WARN_ENUM_CONVERSION = YES;
				CLANG_WARN_INFINITE_RECURSION = YES;
				CLANG_WARN_INT_CONVERSION = YES;
				CLANG_WARN_NON_LITERAL_NULL_CONVERSION = YES;
				CLANG_WARN_OBJC_IMPLICIT_RETAIN_SELF = YES;
				CLANG_WARN_OBJC_LITERAL_CONVERSION = YES;
				CLANG_WARN_OBJC_ROOT_CLASS = YES_ERROR;
				CLANG_WARN_QUOTED_INCLUDE_IN_FRAMEWORK_HEADER = YES;
				CLANG_WARN_RANGE_LOOP_ANALYSIS = YES;
				CLANG_WARN_STRICT_PROTOTYPES = YES;
				CLANG_WARN_SUSPICIOUS_MOVE = YES;
				CLANG_WARN_UNGUARDED_AVAILABILITY = YES_AGGRESSIVE;
				CLANG_WARN_UNREACHABLE_CODE = YES;
				CLANG_WARN__DUPLICATE_METHOD_MATCH = YES;
				COPY_PHASE_STRIP = NO;
				DEBUG_INFORMATION_FORMAT = "dwarf-with-dsym";
				ENABLE_NS_ASSERTIONS = NO;
				ENABLE_STRICT_OBJC_MSGSEND = YES;
				GCC_C_LANGUAGE_STANDARD = gnu11;
				GCC_NO_COMMON_BLOCKS = YES;
				GCC_WARN_64_TO_32_BIT_CONVERSION = YES;
				GCC_WARN_ABOUT_RETURN_TYPE = YES_ERROR;
				GCC_WARN_UNDECLARED_SELECTOR = YES;
				GCC_WARN_UNINITIALIZED_AUTOS = YES_AGGRESSIVE;
				GCC_WARN_UNUSED_FUNCTION = YES;
				GCC_WARN_UNUSED_VARIABLE = YES;
				IPHONEOS_DEPLOYMENT_TARGET = 14.4;
				MTL_ENABLE_DEBUG_INFO = NO;
				MTL_FAST_MATH = YES;
				SDKROOT = iphoneos;
				SWIFT_COMPILATION_MODE = wholemodule;
				SWIFT_OPTIMIZATION_LEVEL = "-O";
				VALIDATE_PRODUCT = YES;
			};
			name = Release;
		};
		5E299679260B007200C577F3 /* Debug */ = {
			isa = XCBuildConfiguration;
			baseConfigurationReference = 99977BD0958901A061518A39 /* Pods-GitJob.debug.xcconfig */;
			buildSettings = {
				ASSETCATALOG_COMPILER_APPICON_NAME = AppIcon;
				ASSETCATALOG_COMPILER_GLOBAL_ACCENT_COLOR_NAME = AccentColor;
				CODE_SIGN_STYLE = Automatic;
				DEVELOPMENT_TEAM = 987YV8SB73;
				INFOPLIST_FILE = GitJob/Info.plist;
				LD_RUNPATH_SEARCH_PATHS = (
					"$(inherited)",
					"@executable_path/Frameworks",
				);
				PRODUCT_BUNDLE_IDENTIFIER = com.bdjobs.GitJob;
				PRODUCT_NAME = "$(TARGET_NAME)";
				SWIFT_VERSION = 5.0;
				TARGETED_DEVICE_FAMILY = "1,2";
			};
			name = Debug;
		};
		5E29967A260B007200C577F3 /* Release */ = {
			isa = XCBuildConfiguration;
			baseConfigurationReference = 05BB7B1BC63D40688BD631C5 /* Pods-GitJob.release.xcconfig */;
			buildSettings = {
				ASSETCATALOG_COMPILER_APPICON_NAME = AppIcon;
				ASSETCATALOG_COMPILER_GLOBAL_ACCENT_COLOR_NAME = AccentColor;
				CODE_SIGN_STYLE = Automatic;
				DEVELOPMENT_TEAM = 987YV8SB73;
				INFOPLIST_FILE = GitJob/Info.plist;
				LD_RUNPATH_SEARCH_PATHS = (
					"$(inherited)",
					"@executable_path/Frameworks",
				);
				PRODUCT_BUNDLE_IDENTIFIER = com.bdjobs.GitJob;
				PRODUCT_NAME = "$(TARGET_NAME)";
				SWIFT_VERSION = 5.0;
				TARGETED_DEVICE_FAMILY = "1,2";
			};
			name = Release;
		};
		5E29967C260B007200C577F3 /* Debug */ = {
			isa = XCBuildConfiguration;
			baseConfigurationReference = 915118B19DBDA0967F8DE6C4 /* Pods-GitJobTests.debug.xcconfig */;
			buildSettings = {
				ALWAYS_EMBED_SWIFT_STANDARD_LIBRARIES = YES;
				BUNDLE_LOADER = "$(TEST_HOST)";
				CODE_SIGN_STYLE = Automatic;
				DEVELOPMENT_TEAM = 987YV8SB73;
				INFOPLIST_FILE = GitJobTests/Info.plist;
				IPHONEOS_DEPLOYMENT_TARGET = 14.4;
				LD_RUNPATH_SEARCH_PATHS = (
					"$(inherited)",
					"@executable_path/Frameworks",
					"@loader_path/Frameworks",
				);
				PRODUCT_BUNDLE_IDENTIFIER = com.bdjobs.GitJobTests;
				PRODUCT_NAME = "$(TARGET_NAME)";
				SWIFT_VERSION = 5.0;
				TARGETED_DEVICE_FAMILY = "1,2";
				TEST_HOST = "$(BUILT_PRODUCTS_DIR)/GitJob.app/GitJob";
			};
			name = Debug;
		};
		5E29967D260B007200C577F3 /* Release */ = {
			isa = XCBuildConfiguration;
			baseConfigurationReference = 1130793CC7467487BFAD11A2 /* Pods-GitJobTests.release.xcconfig */;
			buildSettings = {
				ALWAYS_EMBED_SWIFT_STANDARD_LIBRARIES = YES;
				BUNDLE_LOADER = "$(TEST_HOST)";
				CODE_SIGN_STYLE = Automatic;
				DEVELOPMENT_TEAM = 987YV8SB73;
				INFOPLIST_FILE = GitJobTests/Info.plist;
				IPHONEOS_DEPLOYMENT_TARGET = 14.4;
				LD_RUNPATH_SEARCH_PATHS = (
					"$(inherited)",
					"@executable_path/Frameworks",
					"@loader_path/Frameworks",
				);
				PRODUCT_BUNDLE_IDENTIFIER = com.bdjobs.GitJobTests;
				PRODUCT_NAME = "$(TARGET_NAME)";
				SWIFT_VERSION = 5.0;
				TARGETED_DEVICE_FAMILY = "1,2";
				TEST_HOST = "$(BUILT_PRODUCTS_DIR)/GitJob.app/GitJob";
			};
			name = Release;
		};
		5E29967F260B007200C577F3 /* Debug */ = {
			isa = XCBuildConfiguration;
			baseConfigurationReference = 5615E75C90C2C74769BF8585 /* Pods-GitJob-GitJobUITests.debug.xcconfig */;
			buildSettings = {
				ALWAYS_EMBED_SWIFT_STANDARD_LIBRARIES = YES;
				CODE_SIGN_STYLE = Automatic;
				DEVELOPMENT_TEAM = 987YV8SB73;
				INFOPLIST_FILE = GitJobUITests/Info.plist;
				LD_RUNPATH_SEARCH_PATHS = (
					"$(inherited)",
					"@executable_path/Frameworks",
					"@loader_path/Frameworks",
				);
				PRODUCT_BUNDLE_IDENTIFIER = com.bdjobs.GitJobUITests;
				PRODUCT_NAME = "$(TARGET_NAME)";
				SWIFT_VERSION = 5.0;
				TARGETED_DEVICE_FAMILY = "1,2";
				TEST_TARGET_NAME = GitJob;
			};
			name = Debug;
		};
		5E299680260B007200C577F3 /* Release */ = {
			isa = XCBuildConfiguration;
			baseConfigurationReference = 13070F959C1EFF9B154BDE23 /* Pods-GitJob-GitJobUITests.release.xcconfig */;
			buildSettings = {
				ALWAYS_EMBED_SWIFT_STANDARD_LIBRARIES = YES;
				CODE_SIGN_STYLE = Automatic;
				DEVELOPMENT_TEAM = 987YV8SB73;
				INFOPLIST_FILE = GitJobUITests/Info.plist;
				LD_RUNPATH_SEARCH_PATHS = (
					"$(inherited)",
					"@executable_path/Frameworks",
					"@loader_path/Frameworks",
				);
				PRODUCT_BUNDLE_IDENTIFIER = com.bdjobs.GitJobUITests;
				PRODUCT_NAME = "$(TARGET_NAME)";
				SWIFT_VERSION = 5.0;
				TARGETED_DEVICE_FAMILY = "1,2";
				TEST_TARGET_NAME = GitJob;
			};
			name = Release;
		};
/* End XCBuildConfiguration section */

/* Begin XCConfigurationList section */
		5E299649260B006F00C577F3 /* Build configuration list for PBXProject "GitJob" */ = {
			isa = XCConfigurationList;
			buildConfigurations = (
				5E299676260B007200C577F3 /* Debug */,
				5E299677260B007200C577F3 /* Release */,
			);
			defaultConfigurationIsVisible = 0;
			defaultConfigurationName = Release;
		};
		5E299678260B007200C577F3 /* Build configuration list for PBXNativeTarget "GitJob" */ = {
			isa = XCConfigurationList;
			buildConfigurations = (
				5E299679260B007200C577F3 /* Debug */,
				5E29967A260B007200C577F3 /* Release */,
			);
			defaultConfigurationIsVisible = 0;
			defaultConfigurationName = Release;
		};
		5E29967B260B007200C577F3 /* Build configuration list for PBXNativeTarget "GitJobTests" */ = {
			isa = XCConfigurationList;
			buildConfigurations = (
				5E29967C260B007200C577F3 /* Debug */,
				5E29967D260B007200C577F3 /* Release */,
			);
			defaultConfigurationIsVisible = 0;
			defaultConfigurationName = Release;
		};
		5E29967E260B007200C577F3 /* Build configuration list for PBXNativeTarget "GitJobUITests" */ = {
			isa = XCConfigurationList;
			buildConfigurations = (
				5E29967F260B007200C577F3 /* Debug */,
				5E299680260B007200C577F3 /* Release */,
			);
			defaultConfigurationIsVisible = 0;
			defaultConfigurationName = Release;
		};
/* End XCConfigurationList section */

/* Begin XCRemoteSwiftPackageReference section */
		5E602156260C4CF0006FD611 /* XCRemoteSwiftPackageReference "Alamofire" */ = {
			isa = XCRemoteSwiftPackageReference;
			repositoryURL = "https://github.com/Alamofire/Alamofire.git";
			requirement = {
				kind = upToNextMajorVersion;
				minimumVersion = 5.4.1;
			};
		};
/* End XCRemoteSwiftPackageReference section */

/* Begin XCSwiftPackageProductDependency section */
		5E602157260C4CF0006FD611 /* Alamofire */ = {
			isa = XCSwiftPackageProductDependency;
			package = 5E602156260C4CF0006FD611 /* XCRemoteSwiftPackageReference "Alamofire" */;
			productName = Alamofire;
		};
/* End XCSwiftPackageProductDependency section */
	};
	rootObject = 5E299646260B006F00C577F3 /* Project object */;
}
